// !$*UTF8*$!
{
	archiveVersion = 1;
	classes = {
	};
	objectVersion = 50;
	objects = {

/* Begin PBXBuildFile section */
		2143C9F220E7BD6A00AFB745 /* Assets.xcassets in Resources */ = {isa = PBXBuildFile; fileRef = 2143C9F120E7BD6A00AFB745 /* Assets.xcassets */; };
		2143C9F820E7BD6A00AFB745 /* main.m in Sources */ = {isa = PBXBuildFile; fileRef = 2143C9F720E7BD6A00AFB745 /* main.m */; };
		2143CA0820E7BDA900AFB745 /* LaunchScreen.storyboard in Resources */ = {isa = PBXBuildFile; fileRef = 2143CA0020E7BDA800AFB745 /* LaunchScreen.storyboard */; };
		2143CA0920E7BDA900AFB745 /* Main.storyboard in Resources */ = {isa = PBXBuildFile; fileRef = 2143CA0220E7BDA800AFB745 /* Main.storyboard */; };
		2143CA0A20E7BDA900AFB745 /* AppDelegate.m in Sources */ = {isa = PBXBuildFile; fileRef = 2143CA0420E7BDA800AFB745 /* AppDelegate.m */; };
		2143CA0B20E7BDA900AFB745 /* ViewController.m in Sources */ = {isa = PBXBuildFile; fileRef = 2143CA0620E7BDA900AFB745 /* ViewController.m */; };
		2143CA2920E7C59600AFB745 /* multi_path_sploit.c in Sources */ = {isa = PBXBuildFile; fileRef = 2143CA1220E7C59600AFB745 /* multi_path_sploit.c */; };
		2143CA2A20E7C59600AFB745 /* README in Resources */ = {isa = PBXBuildFile; fileRef = 2143CA1620E7C59600AFB745 /* README */; };
		2143CA2B20E7C59600AFB745 /* offsets.m in Sources */ = {isa = PBXBuildFile; fileRef = 2143CA1820E7C59600AFB745 /* offsets.m */; };
		2143CA2C20E7C59600AFB745 /* vfs_sploit.c in Sources */ = {isa = PBXBuildFile; fileRef = 2143CA1920E7C59600AFB745 /* vfs_sploit.c */; };
		2143CA2D20E7C59600AFB745 /* kmem.c in Sources */ = {isa = PBXBuildFile; fileRef = 2143CA1A20E7C59600AFB745 /* kmem.c */; };
		2143CA2E20E7C59600AFB745 /* kutils.c in Sources */ = {isa = PBXBuildFile; fileRef = 2143CA1F20E7C59600AFB745 /* kutils.c */; };
		2143CA2F20E7C59600AFB745 /* nonce.c in Sources */ = {isa = PBXBuildFile; fileRef = 2143CA2020E7C59600AFB745 /* nonce.c */; };
		2143CA3020E7C59600AFB745 /* offsetof.c in Sources */ = {isa = PBXBuildFile; fileRef = 2143CA2220E7C59600AFB745 /* offsetof.c */; };
		2143CA3120E7C59600AFB745 /* exploit_additions.c in Sources */ = {isa = PBXBuildFile; fileRef = 2143CA2320E7C59600AFB745 /* exploit_additions.c */; };
		2143CA3220E7C59600AFB745 /* kexecute.c in Sources */ = {isa = PBXBuildFile; fileRef = 2143CA2720E7C59600AFB745 /* kexecute.c */; };
		2143CA3320E7C59600AFB745 /* patchfinder64.c in Sources */ = {isa = PBXBuildFile; fileRef = 2143CA2820E7C59600AFB745 /* patchfinder64.c */; };
		2143CA3620E7C5FA00AFB745 /* noncereboot.c in Sources */ = {isa = PBXBuildFile; fileRef = 2143CA3520E7C5FA00AFB745 /* noncereboot.c */; };
		2143CA3920E7C80D00AFB745 /* unlocknvram.c in Sources */ = {isa = PBXBuildFile; fileRef = 2143CA3720E7C80D00AFB745 /* unlocknvram.c */; };
/* End PBXBuildFile section */

/* Begin PBXFileReference section */
		2143C9E520E7BD6900AFB745 /* noncereboot1131UI.app */ = {isa = PBXFileReference; explicitFileType = wrapper.application; includeInIndex = 0; path = noncereboot1131UI.app; sourceTree = BUILT_PRODUCTS_DIR; };
		2143C9F120E7BD6A00AFB745 /* Assets.xcassets */ = {isa = PBXFileReference; lastKnownFileType = folder.assetcatalog; path = Assets.xcassets; sourceTree = "<group>"; };
		2143C9F620E7BD6A00AFB745 /* Info.plist */ = {isa = PBXFileReference; lastKnownFileType = text.plist.xml; path = Info.plist; sourceTree = "<group>"; };
		2143C9F720E7BD6A00AFB745 /* main.m */ = {isa = PBXFileReference; lastKnownFileType = sourcecode.c.objc; path = main.m; sourceTree = "<group>"; };
		2143C9FF20E7BDA800AFB745 /* AppDelegate.h */ = {isa = PBXFileReference; fileEncoding = 4; lastKnownFileType = sourcecode.c.h; path = AppDelegate.h; sourceTree = "<group>"; };
		2143CA0120E7BDA800AFB745 /* Base */ = {isa = PBXFileReference; lastKnownFileType = file.storyboard; name = Base; path = Base.lproj/LaunchScreen.storyboard; sourceTree = "<group>"; };
		2143CA0320E7BDA800AFB745 /* Base */ = {isa = PBXFileReference; lastKnownFileType = file.storyboard; name = Base; path = Base.lproj/Main.storyboard; sourceTree = "<group>"; };
		2143CA0420E7BDA800AFB745 /* AppDelegate.m */ = {isa = PBXFileReference; fileEncoding = 4; lastKnownFileType = sourcecode.c.objc; path = AppDelegate.m; sourceTree = "<group>"; };
		2143CA0620E7BDA900AFB745 /* ViewController.m */ = {isa = PBXFileReference; fileEncoding = 4; lastKnownFileType = sourcecode.c.objc; path = ViewController.m; sourceTree = "<group>"; };
		2143CA0720E7BDA900AFB745 /* ViewController.h */ = {isa = PBXFileReference; fileEncoding = 4; lastKnownFileType = sourcecode.c.h; path = ViewController.h; sourceTree = "<group>"; };
		2143CA1020E7C59600AFB745 /* IOKit.h */ = {isa = PBXFileReference; fileEncoding = 4; lastKnownFileType = sourcecode.c.h; path = IOKit.h; sourceTree = "<group>"; };
		2143CA1220E7C59600AFB745 /* multi_path_sploit.c */ = {isa = PBXFileReference; fileEncoding = 4; lastKnownFileType = sourcecode.c.c; path = multi_path_sploit.c; sourceTree = "<group>"; };
		2143CA1320E7C59600AFB745 /* offsets.h */ = {isa = PBXFileReference; fileEncoding = 4; lastKnownFileType = sourcecode.c.h; path = offsets.h; sourceTree = "<group>"; };
		2143CA1420E7C59600AFB745 /* vfs_sploit.h */ = {isa = PBXFileReference; fileEncoding = 4; lastKnownFileType = sourcecode.c.h; path = vfs_sploit.h; sourceTree = "<group>"; };
		2143CA1520E7C59600AFB745 /* kmem.h */ = {isa = PBXFileReference; fileEncoding = 4; lastKnownFileType = sourcecode.c.h; path = kmem.h; sourceTree = "<group>"; };
		2143CA1620E7C59600AFB745 /* README */ = {isa = PBXFileReference; fileEncoding = 4; lastKnownFileType = text; path = README; sourceTree = "<group>"; };
		2143CA1720E7C59600AFB745 /* multi_path_sploit.h */ = {isa = PBXFileReference; fileEncoding = 4; lastKnownFileType = sourcecode.c.h; path = multi_path_sploit.h; sourceTree = "<group>"; };
		2143CA1820E7C59600AFB745 /* offsets.m */ = {isa = PBXFileReference; fileEncoding = 4; lastKnownFileType = sourcecode.c.objc; path = offsets.m; sourceTree = "<group>"; };
		2143CA1920E7C59600AFB745 /* vfs_sploit.c */ = {isa = PBXFileReference; fileEncoding = 4; lastKnownFileType = sourcecode.c.c; path = vfs_sploit.c; sourceTree = "<group>"; };
		2143CA1A20E7C59600AFB745 /* kmem.c */ = {isa = PBXFileReference; fileEncoding = 4; lastKnownFileType = sourcecode.c.c; path = kmem.c; sourceTree = "<group>"; };
		2143CA1C20E7C59600AFB745 /* patchfinder64.h */ = {isa = PBXFileReference; fileEncoding = 4; lastKnownFileType = sourcecode.c.h; path = patchfinder64.h; sourceTree = "<group>"; };
		2143CA1E20E7C59600AFB745 /* exploit_additions.h */ = {isa = PBXFileReference; fileEncoding = 4; lastKnownFileType = sourcecode.c.h; path = exploit_additions.h; sourceTree = "<group>"; };
		2143CA1F20E7C59600AFB745 /* kutils.c */ = {isa = PBXFileReference; fileEncoding = 4; lastKnownFileType = sourcecode.c.c; path = kutils.c; sourceTree = "<group>"; };
		2143CA2020E7C59600AFB745 /* nonce.c */ = {isa = PBXFileReference; fileEncoding = 4; lastKnownFileType = sourcecode.c.c; path = nonce.c; sourceTree = "<group>"; };
		2143CA2120E7C59600AFB745 /* kexecute.h */ = {isa = PBXFileReference; fileEncoding = 4; lastKnownFileType = sourcecode.c.h; path = kexecute.h; sourceTree = "<group>"; };
		2143CA2220E7C59600AFB745 /* offsetof.c */ = {isa = PBXFileReference; fileEncoding = 4; lastKnownFileType = sourcecode.c.c; path = offsetof.c; sourceTree = "<group>"; };
		2143CA2320E7C59600AFB745 /* exploit_additions.c */ = {isa = PBXFileReference; fileEncoding = 4; lastKnownFileType = sourcecode.c.c; path = exploit_additions.c; sourceTree = "<group>"; };
		2143CA2420E7C59600AFB745 /* kutils.h */ = {isa = PBXFileReference; fileEncoding = 4; lastKnownFileType = sourcecode.c.h; path = kutils.h; sourceTree = "<group>"; };
		2143CA2520E7C59600AFB745 /* nonce.h */ = {isa = PBXFileReference; fileEncoding = 4; lastKnownFileType = sourcecode.c.h; path = nonce.h; sourceTree = "<group>"; };
		2143CA2620E7C59600AFB745 /* offsetof.h */ = {isa = PBXFileReference; fileEncoding = 4; lastKnownFileType = sourcecode.c.h; path = offsetof.h; sourceTree = "<group>"; };
		2143CA2720E7C59600AFB745 /* kexecute.c */ = {isa = PBXFileReference; fileEncoding = 4; lastKnownFileType = sourcecode.c.c; path = kexecute.c; sourceTree = "<group>"; };
		2143CA2820E7C59600AFB745 /* patchfinder64.c */ = {isa = PBXFileReference; fileEncoding = 4; lastKnownFileType = sourcecode.c.c; path = patchfinder64.c; sourceTree = "<group>"; };
		2143CA3420E7C5FA00AFB745 /* noncereboot.h */ = {isa = PBXFileReference; lastKnownFileType = sourcecode.c.h; path = noncereboot.h; sourceTree = "<group>"; };
		2143CA3520E7C5FA00AFB745 /* noncereboot.c */ = {isa = PBXFileReference; lastKnownFileType = sourcecode.c.c; path = noncereboot.c; sourceTree = "<group>"; };
		2143CA3720E7C80D00AFB745 /* unlocknvram.c */ = {isa = PBXFileReference; fileEncoding = 4; lastKnownFileType = sourcecode.c.c; path = unlocknvram.c; sourceTree = "<group>"; };
		2143CA3820E7C80D00AFB745 /* unlocknvram.h */ = {isa = PBXFileReference; fileEncoding = 4; lastKnownFileType = sourcecode.c.h; path = unlocknvram.h; sourceTree = "<group>"; };
/* End PBXFileReference section */

/* Begin PBXFrameworksBuildPhase section */
		2143C9E220E7BD6900AFB745 /* Frameworks */ = {
			isa = PBXFrameworksBuildPhase;
			buildActionMask = 2147483647;
			files = (
			);
			runOnlyForDeploymentPostprocessing = 0;
		};
/* End PBXFrameworksBuildPhase section */

/* Begin PBXGroup section */
		2143C9DC20E7BD6900AFB745 = {
			isa = PBXGroup;
			children = (
				2143C9E720E7BD6900AFB745 /* noncereboot1131UI */,
				2143C9E620E7BD6900AFB745 /* Products */,
			);
			sourceTree = "<group>";
		};
		2143C9E620E7BD6900AFB745 /* Products */ = {
			isa = PBXGroup;
			children = (
				2143C9E520E7BD6900AFB745 /* noncereboot1131UI.app */,
			);
			name = Products;
			sourceTree = "<group>";
		};
		2143C9E720E7BD6900AFB745 /* noncereboot1131UI */ = {
			isa = PBXGroup;
			children = (
				2143CA1120E7C59600AFB745 /* exploit */,
				2143CA0C20E7C59600AFB745 /* headers */,
				2143CA1B20E7C59600AFB745 /* post-exploit */,
				2143C9FE20E7BDA800AFB745 /* app */,
				2143C9F120E7BD6A00AFB745 /* Assets.xcassets */,
				2143C9F620E7BD6A00AFB745 /* Info.plist */,
				2143C9F720E7BD6A00AFB745 /* main.m */,
			);
			path = noncereboot1131UI;
			sourceTree = "<group>";
		};
		2143C9FE20E7BDA800AFB745 /* app */ = {
			isa = PBXGroup;
			children = (
				2143C9FF20E7BDA800AFB745 /* AppDelegate.h */,
				2143CA0020E7BDA800AFB745 /* LaunchScreen.storyboard */,
				2143CA0220E7BDA800AFB745 /* Main.storyboard */,
				2143CA0420E7BDA800AFB745 /* AppDelegate.m */,
				2143CA0520E7BDA800AFB745 /* controllers */,
			);
			path = app;
			sourceTree = "<group>";
		};
		2143CA0520E7BDA800AFB745 /* controllers */ = {
			isa = PBXGroup;
			children = (
				2143CA0620E7BDA900AFB745 /* ViewController.m */,
				2143CA0720E7BDA900AFB745 /* ViewController.h */,
			);
			path = controllers;
			sourceTree = "<group>";
		};
		2143CA0C20E7C59600AFB745 /* headers */ = {
			isa = PBXGroup;
			children = (
				2143CA1020E7C59600AFB745 /* IOKit.h */,
			);
			path = headers;
			sourceTree = "<group>";
		};
		2143CA1120E7C59600AFB745 /* exploit */ = {
			isa = PBXGroup;
			children = (
				2143CA1220E7C59600AFB745 /* multi_path_sploit.c */,
				2143CA1320E7C59600AFB745 /* offsets.h */,
				2143CA1420E7C59600AFB745 /* vfs_sploit.h */,
				2143CA1520E7C59600AFB745 /* kmem.h */,
				2143CA1620E7C59600AFB745 /* README */,
				2143CA1720E7C59600AFB745 /* multi_path_sploit.h */,
				2143CA1820E7C59600AFB745 /* offsets.m */,
				2143CA1920E7C59600AFB745 /* vfs_sploit.c */,
				2143CA1A20E7C59600AFB745 /* kmem.c */,
			);
			path = exploit;
			sourceTree = "<group>";
		};
		2143CA1B20E7C59600AFB745 /* post-exploit */ = {
			isa = PBXGroup;
			children = (
				2143CA3720E7C80D00AFB745 /* unlocknvram.c */,
				2143CA3820E7C80D00AFB745 /* unlocknvram.h */,
				2143CA1C20E7C59600AFB745 /* patchfinder64.h */,
				2143CA1D20E7C59600AFB745 /* utilities */,
				2143CA2820E7C59600AFB745 /* patchfinder64.c */,
				2143CA3420E7C5FA00AFB745 /* noncereboot.h */,
				2143CA3520E7C5FA00AFB745 /* noncereboot.c */,
			);
			path = "post-exploit";
			sourceTree = "<group>";
		};
		2143CA1D20E7C59600AFB745 /* utilities */ = {
			isa = PBXGroup;
			children = (
				2143CA1E20E7C59600AFB745 /* exploit_additions.h */,
				2143CA1F20E7C59600AFB745 /* kutils.c */,
				2143CA2020E7C59600AFB745 /* nonce.c */,
				2143CA2120E7C59600AFB745 /* kexecute.h */,
				2143CA2220E7C59600AFB745 /* offsetof.c */,
				2143CA2320E7C59600AFB745 /* exploit_additions.c */,
				2143CA2420E7C59600AFB745 /* kutils.h */,
				2143CA2520E7C59600AFB745 /* nonce.h */,
				2143CA2620E7C59600AFB745 /* offsetof.h */,
				2143CA2720E7C59600AFB745 /* kexecute.c */,
			);
			path = utilities;
			sourceTree = "<group>";
		};
/* End PBXGroup section */

/* Begin PBXNativeTarget section */
		2143C9E420E7BD6900AFB745 /* noncereboot1131UI */ = {
			isa = PBXNativeTarget;
			buildConfigurationList = 2143C9FB20E7BD6A00AFB745 /* Build configuration list for PBXNativeTarget "noncereboot1131UI" */;
			buildPhases = (
				2143C9E120E7BD6900AFB745 /* Sources */,
				2143C9E220E7BD6900AFB745 /* Frameworks */,
				2143C9E320E7BD6900AFB745 /* Resources */,
			);
			buildRules = (
			);
			dependencies = (
			);
			name = noncereboot1131UI;
			productName = noncereboot1131UI;
			productReference = 2143C9E520E7BD6900AFB745 /* noncereboot1131UI.app */;
			productType = "com.apple.product-type.application";
		};
/* End PBXNativeTarget section */

/* Begin PBXProject section */
		2143C9DD20E7BD6900AFB745 /* Project object */ = {
			isa = PBXProject;
			attributes = {
				LastUpgradeCheck = 0940;
				ORGANIZATIONNAME = Pwn20wnd;
				TargetAttributes = {
					2143C9E420E7BD6900AFB745 = {
						CreatedOnToolsVersion = 9.4;
					};
				};
			};
			buildConfigurationList = 2143C9E020E7BD6900AFB745 /* Build configuration list for PBXProject "noncereboot1131UI" */;
			compatibilityVersion = "Xcode 9.3";
			developmentRegion = en;
			hasScannedForEncodings = 0;
			knownRegions = (
				en,
				Base,
			);
			mainGroup = 2143C9DC20E7BD6900AFB745;
			productRefGroup = 2143C9E620E7BD6900AFB745 /* Products */;
			projectDirPath = "";
			projectRoot = "";
			targets = (
				2143C9E420E7BD6900AFB745 /* noncereboot1131UI */,
			);
		};
/* End PBXProject section */

/* Begin PBXResourcesBuildPhase section */
		2143C9E320E7BD6900AFB745 /* Resources */ = {
			isa = PBXResourcesBuildPhase;
			buildActionMask = 2147483647;
			files = (
				2143CA2A20E7C59600AFB745 /* README in Resources */,
				2143CA0920E7BDA900AFB745 /* Main.storyboard in Resources */,
				2143C9F220E7BD6A00AFB745 /* Assets.xcassets in Resources */,
				2143CA0820E7BDA900AFB745 /* LaunchScreen.storyboard in Resources */,
			);
			runOnlyForDeploymentPostprocessing = 0;
		};
/* End PBXResourcesBuildPhase section */

/* Begin PBXSourcesBuildPhase section */
		2143C9E120E7BD6900AFB745 /* Sources */ = {
			isa = PBXSourcesBuildPhase;
			buildActionMask = 2147483647;
			files = (
				2143CA3620E7C5FA00AFB745 /* noncereboot.c in Sources */,
				2143CA2D20E7C59600AFB745 /* kmem.c in Sources */,
				2143CA3220E7C59600AFB745 /* kexecute.c in Sources */,
				2143CA2B20E7C59600AFB745 /* offsets.m in Sources */,
				2143CA0B20E7BDA900AFB745 /* ViewController.m in Sources */,
				2143CA3120E7C59600AFB745 /* exploit_additions.c in Sources */,
				2143CA2C20E7C59600AFB745 /* vfs_sploit.c in Sources */,
				2143CA2920E7C59600AFB745 /* multi_path_sploit.c in Sources */,
				2143CA2E20E7C59600AFB745 /* kutils.c in Sources */,
				2143CA2F20E7C59600AFB745 /* nonce.c in Sources */,
				2143CA3320E7C59600AFB745 /* patchfinder64.c in Sources */,
				2143CA3920E7C80D00AFB745 /* unlocknvram.c in Sources */,
				2143CA0A20E7BDA900AFB745 /* AppDelegate.m in Sources */,
				2143C9F820E7BD6A00AFB745 /* main.m in Sources */,
				2143CA3020E7C59600AFB745 /* offsetof.c in Sources */,
			);
			runOnlyForDeploymentPostprocessing = 0;
		};
/* End PBXSourcesBuildPhase section */

/* Begin PBXVariantGroup section */
		2143CA0020E7BDA800AFB745 /* LaunchScreen.storyboard */ = {
			isa = PBXVariantGroup;
			children = (
				2143CA0120E7BDA800AFB745 /* Base */,
			);
			name = LaunchScreen.storyboard;
			sourceTree = "<group>";
		};
		2143CA0220E7BDA800AFB745 /* Main.storyboard */ = {
			isa = PBXVariantGroup;
			children = (
				2143CA0320E7BDA800AFB745 /* Base */,
			);
			name = Main.storyboard;
			sourceTree = "<group>";
		};
/* End PBXVariantGroup section */

/* Begin XCBuildConfiguration section */
		2143C9F920E7BD6A00AFB745 /* Debug */ = {
			isa = XCBuildConfiguration;
			buildSettings = {
				ALWAYS_SEARCH_USER_PATHS = NO;
				CLANG_ANALYZER_NONNULL = YES;
				CLANG_ANALYZER_NUMBER_OBJECT_CONVERSION = YES_AGGRESSIVE;
				CLANG_CXX_LANGUAGE_STANDARD = "gnu++14";
				CLANG_CXX_LIBRARY = "libc++";
				CLANG_ENABLE_MODULES = YES;
				CLANG_ENABLE_OBJC_ARC = YES;
				CLANG_ENABLE_OBJC_WEAK = YES;
				CLANG_WARN_BLOCK_CAPTURE_AUTORELEASING = YES;
				CLANG_WARN_BOOL_CONVERSION = YES;
				CLANG_WARN_COMMA = YES;
				CLANG_WARN_CONSTANT_CONVERSION = YES;
				CLANG_WARN_DEPRECATED_OBJC_IMPLEMENTATIONS = YES;
				CLANG_WARN_DIRECT_OBJC_ISA_USAGE = YES_ERROR;
				CLANG_WARN_DOCUMENTATION_COMMENTS = YES;
				CLANG_WARN_EMPTY_BODY = YES;
				CLANG_WARN_ENUM_CONVERSION = YES;
				CLANG_WARN_INFINITE_RECURSION = YES;
				CLANG_WARN_INT_CONVERSION = YES;
				CLANG_WARN_NON_LITERAL_NULL_CONVERSION = YES;
				CLANG_WARN_OBJC_IMPLICIT_RETAIN_SELF = YES;
				CLANG_WARN_OBJC_LITERAL_CONVERSION = YES;
				CLANG_WARN_OBJC_ROOT_CLASS = YES_ERROR;
				CLANG_WARN_RANGE_LOOP_ANALYSIS = YES;
				CLANG_WARN_STRICT_PROTOTYPES = YES;
				CLANG_WARN_SUSPICIOUS_MOVE = YES;
				CLANG_WARN_UNGUARDED_AVAILABILITY = YES_AGGRESSIVE;
				CLANG_WARN_UNREACHABLE_CODE = YES;
				CLANG_WARN__DUPLICATE_METHOD_MATCH = YES;
				CODE_SIGN_IDENTITY = "iPhone Developer";
				COPY_PHASE_STRIP = NO;
				DEBUG_INFORMATION_FORMAT = dwarf;
				ENABLE_STRICT_OBJC_MSGSEND = YES;
				ENABLE_TESTABILITY = YES;
				GCC_C_LANGUAGE_STANDARD = gnu11;
				GCC_DYNAMIC_NO_PIC = NO;
				GCC_NO_COMMON_BLOCKS = YES;
				GCC_OPTIMIZATION_LEVEL = 0;
				GCC_PREPROCESSOR_DEFINITIONS = (
					"DEBUG=1",
					"$(inherited)",
				);
				GCC_WARN_64_TO_32_BIT_CONVERSION = YES;
				GCC_WARN_ABOUT_RETURN_TYPE = YES_ERROR;
				GCC_WARN_UNDECLARED_SELECTOR = YES;
				GCC_WARN_UNINITIALIZED_AUTOS = YES_AGGRESSIVE;
				GCC_WARN_UNUSED_FUNCTION = YES;
				GCC_WARN_UNUSED_VARIABLE = YES;
				IPHONEOS_DEPLOYMENT_TARGET = 11.4;
				MTL_ENABLE_DEBUG_INFO = YES;
				ONLY_ACTIVE_ARCH = YES;
				SDKROOT = iphoneos;
			};
			name = Debug;
		};
		2143C9FA20E7BD6A00AFB745 /* Release */ = {
			isa = XCBuildConfiguration;
			buildSettings = {
				ALWAYS_SEARCH_USER_PATHS = NO;
				CLANG_ANALYZER_NONNULL = YES;
				CLANG_ANALYZER_NUMBER_OBJECT_CONVERSION = YES_AGGRESSIVE;
				CLANG_CXX_LANGUAGE_STANDARD = "gnu++14";
				CLANG_CXX_LIBRARY = "libc++";
				CLANG_ENABLE_MODULES = YES;
				CLANG_ENABLE_OBJC_ARC = YES;
				CLANG_ENABLE_OBJC_WEAK = YES;
				CLANG_WARN_BLOCK_CAPTURE_AUTORELEASING = YES;
				CLANG_WARN_BOOL_CONVERSION = YES;
				CLANG_WARN_COMMA = YES;
				CLANG_WARN_CONSTANT_CONVERSION = YES;
				CLANG_WARN_DEPRECATED_OBJC_IMPLEMENTATIONS = YES;
				CLANG_WARN_DIRECT_OBJC_ISA_USAGE = YES_ERROR;
				CLANG_WARN_DOCUMENTATION_COMMENTS = YES;
				CLANG_WARN_EMPTY_BODY = YES;
				CLANG_WARN_ENUM_CONVERSION = YES;
				CLANG_WARN_INFINITE_RECURSION = YES;
				CLANG_WARN_INT_CONVERSION = YES;
				CLANG_WARN_NON_LITERAL_NULL_CONVERSION = YES;
				CLANG_WARN_OBJC_IMPLICIT_RETAIN_SELF = YES;
				CLANG_WARN_OBJC_LITERAL_CONVERSION = YES;
				CLANG_WARN_OBJC_ROOT_CLASS = YES_ERROR;
				CLANG_WARN_RANGE_LOOP_ANALYSIS = YES;
				CLANG_WARN_STRICT_PROTOTYPES = YES;
				CLANG_WARN_SUSPICIOUS_MOVE = YES;
				CLANG_WARN_UNGUARDED_AVAILABILITY = YES_AGGRESSIVE;
				CLANG_WARN_UNREACHABLE_CODE = YES;
				CLANG_WARN__DUPLICATE_METHOD_MATCH = YES;
				CODE_SIGN_IDENTITY = "iPhone Developer";
				COPY_PHASE_STRIP = NO;
				DEBUG_INFORMATION_FORMAT = "dwarf-with-dsym";
				ENABLE_NS_ASSERTIONS = NO;
				ENABLE_STRICT_OBJC_MSGSEND = YES;
				GCC_C_LANGUAGE_STANDARD = gnu11;
				GCC_NO_COMMON_BLOCKS = YES;
				GCC_WARN_64_TO_32_BIT_CONVERSION = YES;
				GCC_WARN_ABOUT_RETURN_TYPE = YES_ERROR;
				GCC_WARN_UNDECLARED_SELECTOR = YES;
				GCC_WARN_UNINITIALIZED_AUTOS = YES_AGGRESSIVE;
				GCC_WARN_UNUSED_FUNCTION = YES;
				GCC_WARN_UNUSED_VARIABLE = YES;
				IPHONEOS_DEPLOYMENT_TARGET = 11.4;
				MTL_ENABLE_DEBUG_INFO = NO;
				SDKROOT = iphoneos;
				VALIDATE_PRODUCT = YES;
			};
			name = Release;
		};
		2143C9FC20E7BD6A00AFB745 /* Debug */ = {
			isa = XCBuildConfiguration;
			buildSettings = {
				ASSETCATALOG_COMPILER_APPICON_NAME = AppIcon;
				CODE_SIGN_ENTITLEMENTS = noncereboot1131UI/noncereboot1131.entitlements;
				CODE_SIGN_IDENTITY = "iPhone Developer";
				CODE_SIGN_STYLE = Manual;
				DEVELOPMENT_TEAM = "";
				ENABLE_BITCODE = NO;
				INFOPLIST_FILE = noncereboot1131UI/Info.plist;
				IPHONEOS_DEPLOYMENT_TARGET = 11.0;
				LD_RUNPATH_SEARCH_PATHS = (
					"$(inherited)",
					"@executable_path/Frameworks",
				);
				OTHER_CFLAGS = "";
				OTHER_LDFLAGS = (
					"-framework",
					IOKit,
				);
				PRODUCT_BUNDLE_IDENTIFIER = com.pwn20wnd.noncereboot1131UI;
				PRODUCT_NAME = "$(TARGET_NAME)";
				PROVISIONING_PROFILE_SPECIFIER = "";
				TARGETED_DEVICE_FAMILY = "1,2";
			};
			name = Debug;
		};
		2143C9FD20E7BD6A00AFB745 /* Release */ = {
			isa = XCBuildConfiguration;
			buildSettings = {
				ASSETCATALOG_COMPILER_APPICON_NAME = AppIcon;
				CODE_SIGN_ENTITLEMENTS = noncereboot1131UI/noncereboot1131.entitlements;
				CODE_SIGN_IDENTITY = "iPhone Developer";
				CODE_SIGN_STYLE = Manual;
				DEVELOPMENT_TEAM = "";
				ENABLE_BITCODE = NO;
				INFOPLIST_FILE = noncereboot1131UI/Info.plist;
				IPHONEOS_DEPLOYMENT_TARGET = 11.0;
				LD_RUNPATH_SEARCH_PATHS = (
					"$(inherited)",
					"@executable_path/Frameworks",
				);
				OTHER_CFLAGS = "";
				OTHER_LDFLAGS = (
					"-framework",
					IOKit,
				);
				PRODUCT_BUNDLE_IDENTIFIER = com.pwn20wnd.noncereboot1131UI;
				PRODUCT_NAME = "$(TARGET_NAME)";
				PROVISIONING_PROFILE_SPECIFIER = "";
				TARGETED_DEVICE_FAMILY = "1,2";
			};
			name = Release;
		};
/* End XCBuildConfiguration section */

/* Begin XCConfigurationList section */
		2143C9E020E7BD6900AFB745 /* Build configuration list for PBXProject "noncereboot1131UI" */ = {
			isa = XCConfigurationList;
			buildConfigurations = (
				2143C9F920E7BD6A00AFB745 /* Debug */,
				2143C9FA20E7BD6A00AFB745 /* Release */,
			);
			defaultConfigurationIsVisible = 0;
			defaultConfigurationName = Release;
		};
		2143C9FB20E7BD6A00AFB745 /* Build configuration list for PBXNativeTarget "noncereboot1131UI" */ = {
			isa = XCConfigurationList;
			buildConfigurations = (
				2143C9FC20E7BD6A00AFB745 /* Debug */,
				2143C9FD20E7BD6A00AFB745 /* Release */,
			);
			defaultConfigurationIsVisible = 0;
			defaultConfigurationName = Release;
		};
/* End XCConfigurationList section */
	};
	rootObject = 2143C9DD20E7BD6900AFB745 /* Project object */;
}
